{
  "name": "test-browser-loading",
  "version": "1.0.0",
  "lockfileVersion": 1,
  "requires": true,
  "dependencies": {
    "timers-promises": {
      "version": "1.0.0",
      "resolved": "https://registry.npmjs.org/timers-promises/-/timers-promises-1.0.0.tgz",
      "integrity": "sha512-9eTgm0ESXQCH4inxwL82wn35NpMlOjuRoco4xmQOpWrRpWfNJstUEhlG4rLRP9x/dXUhfV82VX6KX5pl66kM8Q=="
    }
  }
}
